
Microsoft Visual Studio Solution File, Format Version 12.00
# Visual Studio Version 16
VisualStudioVersion = 16.0.30503.244
MinimumVisualStudioVersion = 10.0.40219.1
Project("{FAE04EC0-301F-11D3-BF4B-00C04F79EFBC}") = "NDP", "NDP\NDP.csproj", "{C990A0C1-51DC-4688-A2C9-F7E8FE694353}"
EndProject
Global
	GlobalSection(SolutionConfigurationPlatforms) = preSolution
		Debug|Any CPU = Debug|Any CPU
		Release|Any CPU = Release|Any CPU
	EndGlobalSection
	GlobalSection(ProjectConfigurationPlatforms) = postSolution
		{C990A0C1-51DC-4688-A2C9-F7E8FE694353}.Debug|Any CPU.ActiveCfg = Debug|Any CPU
		{C990A0C1-51DC-4688-A2C9-F7E8FE694353}.Debug|Any CPU.Build.0 = Debug|Any CPU
		{C990A0C1-51DC-4688-A2C9-F7E8FE694353}.Release|Any CPU.ActiveCfg = Release|Any CPU
		{C990A0C1-51DC-4688-A2C9-F7E8FE694353}.Release|Any CPU.Build.0 = Release|Any CPU
	EndGlobalSection
	GlobalSection(SolutionProperties) = preSolution
		HideSolutionNode = FALSE
	EndGlobalSection
	GlobalSection(ExtensibilityGlobals) = postSolution
		SolutionGuid = {EA77F8D6-E554-40AD-81FC-D6830F914D1D}
	EndGlobalSection
EndGlobal
